<Solution>
  <Project Path="CoreFitness.Application/CoreFitness.Application.csproj" />
  <Project Path="CoreFitness.Domain/CoreFitness.Domain.csproj" />
  <Project Path="CoreFitness.Infrastructure/CoreFitness.Infrastructure.csproj" />
  <Project Path="CoreFitness.Web/CoreFitness.Web.csproj" />
</Solution>
